# This file is automatically @generated by Poetry 1.4.2 and should not be changed by hand.

[[package]]
name = "maturin"
version = "0.15.3"
description = "Build and publish crates with pyo3, rust-cpython and cffi bindings as well as rust binaries as python packages"
category = "main"
optional = false
python-versions = ">=3.7"
files = [
    {file = "maturin-0.15.3-py3-none-linux_armv6l.whl", hash = "sha256:ee8a7d0987e9d85818df54da20a858f4d35255b5efd302ee6160efe24520c7be"},
    {file = "maturin-0.15.3-py3-none-macosx_10_7_x86_64.whl", hash = "sha256:058f69ab91e8168559e97112eb0594a2a547e6c36aacdefe1f4e60536115dc07"},
    {file = "maturin-0.15.3-py3-none-macosx_10_9_x86_64.macosx_11_0_arm64.macosx_10_9_universal2.whl", hash = "sha256:1415890346e07fa604d0c40fa31ec61b873326b2c9d57f15a474c98268b4f268"},
    {file = "maturin-0.15.3-py3-none-manylinux_2_12_i686.manylinux2010_i686.musllinux_1_1_i686.whl", hash = "sha256:e903ab8031cc198711e4ad3f842746f163e31e3c91980345feabe984f0b5e0b0"},
    {file = "maturin-0.15.3-py3-none-manylinux_2_12_x86_64.manylinux2010_x86_64.musllinux_1_1_x86_64.whl", hash = "sha256:0af91ab0faf1d6c0cc386c9751b2889c860bd228e4f0f5d15e9576ac3d8042a3"},
    {file = "maturin-0.15.3-py3-none-manylinux_2_17_aarch64.manylinux2014_aarch64.musllinux_1_1_aarch64.whl", hash = "sha256:2bcfd23c961fa1e449eb95984dc48487d83917a1d26aee39d26c297851ac5218"},
    {file = "maturin-0.15.3-py3-none-manylinux_2_17_armv7l.manylinux2014_armv7l.musllinux_1_1_armv7l.whl", hash = "sha256:14c258e0595db830a2b4faa1d44ff1aaf651e925396c1da20c65d18f51e5ab6b"},
    {file = "maturin-0.15.3-py3-none-manylinux_2_17_ppc64le.manylinux2014_ppc64le.musllinux_1_1_ppc64le.whl", hash = "sha256:3fa0ec5f80a2fe13bc91a23a2aab4b2655950f0ac358c79ffad7d539dd8bbd15"},
    {file = "maturin-0.15.3-py3-none-manylinux_2_17_s390x.manylinux2014_s390x.whl", hash = "sha256:9fd402d8492b3d9db23ef6c5d6254a4d9f77868cd17502005934a6ca2456fcf7"},
    {file = "maturin-0.15.3-py3-none-win32.whl", hash = "sha256:3e9eb8bf3698c2047e5172495869ac806e76dad37bf016d42056f5740c225a54"},
    {file = "maturin-0.15.3-py3-none-win_amd64.whl", hash = "sha256:bbeb6442e5e6080a445604778de8665cb7c5b5fee7b0fedecf4d12968a062cca"},
    {file = "maturin-0.15.3-py3-none-win_arm64.whl", hash = "sha256:6a66837319e423ed6945d1d965ca9195a856fc1fa9dc99b7f9a0e4f27fb558f4"},
    {file = "maturin-0.15.3.tar.gz", hash = "sha256:6549802af70bc515ac21a7094234d824ffc95b517da970cf004d7a341dc6d370"},
]

[package.extras]
patchelf = ["patchelf"]
zig = ["ziglang (>=0.10.0,<0.11.0)"]

[metadata]
lock-version = "2.0"
python-versions = "^3.11"
content-hash = "214e6951ce1b20adc4221b62af18032267e147ccab9be26aad29c0f1e33aeb30"
